
Microsoft Visual Studio Solution File, Format Version 12.00
# Visual Studio Version 17
VisualStudioVersion = 17.13.35806.99 d17.13
MinimumVisualStudioVersion = 10.0.40219.1
Project("{FAE04EC0-301F-11D3-BF4B-00C04F79EFBC}") = "SpaceSimulator", "SpaceSim\SpaceSimulator.csproj", "{ED1164B4-8837-44F6-957F-F9D5CBB089E3}"
EndProject
Project("{FAE04EC0-301F-11D3-BF4B-00C04F79EFBC}") = "SpaceSimConsole", "SpaceSimConsole\SpaceSimConsole.csproj", "{4EC3FA82-84E2-4F94-8E02-BF53C31AEC5E}"
EndProject
Global
	GlobalSection(SolutionConfigurationPlatforms) = preSolution
		Debug|Any CPU = Debug|Any CPU
		Release|Any CPU = Release|Any CPU
	EndGlobalSection
	GlobalSection(ProjectConfigurationPlatforms) = postSolution
		{ED1164B4-8837-44F6-957F-F9D5CBB089E3}.Debug|Any CPU.ActiveCfg = Debug|Any CPU
		{ED1164B4-8837-44F6-957F-F9D5CBB089E3}.Debug|Any CPU.Build.0 = Debug|Any CPU
		{ED1164B4-8837-44F6-957F-F9D5CBB089E3}.Release|Any CPU.ActiveCfg = Release|Any CPU
		{ED1164B4-8837-44F6-957F-F9D5CBB089E3}.Release|Any CPU.Build.0 = Release|Any CPU
		{4EC3FA82-84E2-4F94-8E02-BF53C31AEC5E}.Debug|Any CPU.ActiveCfg = Debug|Any CPU
		{4EC3FA82-84E2-4F94-8E02-BF53C31AEC5E}.Debug|Any CPU.Build.0 = Debug|Any CPU
		{4EC3FA82-84E2-4F94-8E02-BF53C31AEC5E}.Release|Any CPU.ActiveCfg = Release|Any CPU
		{4EC3FA82-84E2-4F94-8E02-BF53C31AEC5E}.Release|Any CPU.Build.0 = Release|Any CPU
	EndGlobalSection
	GlobalSection(SolutionProperties) = preSolution
		HideSolutionNode = FALSE
	EndGlobalSection
	GlobalSection(ExtensibilityGlobals) = postSolution
		SolutionGuid = {0B00A80A-6E15-4C8B-80F0-4019AF87C058}
	EndGlobalSection
EndGlobal
